
Microsoft Visual Studio Solution File, Format Version 12.00
# Visual Studio 15
VisualStudioVersion = 15.0.26730.12
MinimumVisualStudioVersion = 10.0.40219.1
Project("{FAE04EC0-301F-11D3-BF4B-00C04F79EFBC}") = "QuantFCLab", "QuantFCLab\QuantFCLab.csproj", "{7F852D1A-3C80-4BFD-89BB-324E57CC69FD}"
EndProject
Project("{FAE04EC0-301F-11D3-BF4B-00C04F79EFBC}") = "QuantFC", "QuantFC\QuantFC.csproj", "{96C69BD7-1645-4246-9614-65229B779E45}"
EndProject
Global
	GlobalSection(SolutionConfigurationPlatforms) = preSolution
		Debug|Any CPU = Debug|Any CPU
		Release|Any CPU = Release|Any CPU
	EndGlobalSection
	GlobalSection(ProjectConfigurationPlatforms) = postSolution
		{7F852D1A-3C80-4BFD-89BB-324E57CC69FD}.Debug|Any CPU.ActiveCfg = Debug|Any CPU
		{7F852D1A-3C80-4BFD-89BB-324E57CC69FD}.Debug|Any CPU.Build.0 = Debug|Any CPU
		{7F852D1A-3C80-4BFD-89BB-324E57CC69FD}.Release|Any CPU.ActiveCfg = Release|Any CPU
		{7F852D1A-3C80-4BFD-89BB-324E57CC69FD}.Release|Any CPU.Build.0 = Release|Any CPU
		{96C69BD7-1645-4246-9614-65229B779E45}.Debug|Any CPU.ActiveCfg = Debug|Any CPU
		{96C69BD7-1645-4246-9614-65229B779E45}.Debug|Any CPU.Build.0 = Debug|Any CPU
		{96C69BD7-1645-4246-9614-65229B779E45}.Release|Any CPU.ActiveCfg = Release|Any CPU
		{96C69BD7-1645-4246-9614-65229B779E45}.Release|Any CPU.Build.0 = Release|Any CPU
	EndGlobalSection
	GlobalSection(SolutionProperties) = preSolution
		HideSolutionNode = FALSE
	EndGlobalSection
	GlobalSection(ExtensibilityGlobals) = postSolution
		SolutionGuid = {8FB77216-86C5-4279-A317-A4304252AD00}
	EndGlobalSection
EndGlobal
